// !$*UTF8*$!
{
	archiveVersion = 1;
	classes = {
	};
	objectVersion = 46;
	objects = {

/* Begin PBXBuildFile section */
		B1FF159A1A90CC30006F5B7C /* AppDelegate.swift in Sources */ = {isa = PBXBuildFile; fileRef = B1FF15991A90CC30006F5B7C /* AppDelegate.swift */; };
		B1FF159C1A90CC30006F5B7C /* TimelineViewController.swift in Sources */ = {isa = PBXBuildFile; fileRef = B1FF159B1A90CC30006F5B7C /* TimelineViewController.swift */; };
		B1FF159F1A90CC30006F5B7C /* Main.storyboard in Resources */ = {isa = PBXBuildFile; fileRef = B1FF159D1A90CC30006F5B7C /* Main.storyboard */; };
		B1FF15A11A90CC30006F5B7C /* Images.xcassets in Resources */ = {isa = PBXBuildFile; fileRef = B1FF15A01A90CC30006F5B7C /* Images.xcassets */; };
		B1FF15A41A90CC30006F5B7C /* LaunchScreen.xib in Resources */ = {isa = PBXBuildFile; fileRef = B1FF15A21A90CC30006F5B7C /* LaunchScreen.xib */; };
		B1FF15B01A90CC30006F5B7C /* SwiftTwitterSampleTests.swift in Sources */ = {isa = PBXBuildFile; fileRef = B1FF15AF1A90CC30006F5B7C /* SwiftTwitterSampleTests.swift */; };
/* End PBXBuildFile section */

/* Begin PBXContainerItemProxy section */
		B1FF15AA1A90CC30006F5B7C /* PBXContainerItemProxy */ = {
			isa = PBXContainerItemProxy;
			containerPortal = B1FF158C1A90CC30006F5B7C /* Project object */;
			proxyType = 1;
			remoteGlobalIDString = B1FF15931A90CC30006F5B7C;
			remoteInfo = SwiftTwitterSample;
		};
/* End PBXContainerItemProxy section */

/* Begin PBXFileReference section */
		B1FF15941A90CC30006F5B7C /* SwiftTwitterSample.app */ = {isa = PBXFileReference; explicitFileType = wrapper.application; includeInIndex = 0; path = SwiftTwitterSample.app; sourceTree = BUILT_PRODUCTS_DIR; };
		B1FF15981A90CC30006F5B7C /* Info.plist */ = {isa = PBXFileReference; lastKnownFileType = text.plist.xml; path = Info.plist; sourceTree = "<group>"; };
		B1FF15991A90CC30006F5B7C /* AppDelegate.swift */ = {isa = PBXFileReference; lastKnownFileType = sourcecode.swift; path = AppDelegate.swift; sourceTree = "<group>"; };
		B1FF159B1A90CC30006F5B7C /* TimelineViewController.swift */ = {isa = PBXFileReference; lastKnownFileType = sourcecode.swift; path = TimelineViewController.swift; sourceTree = "<group>"; };
		B1FF159E1A90CC30006F5B7C /* Base */ = {isa = PBXFileReference; lastKnownFileType = file.storyboard; name = Base; path = Base.lproj/Main.storyboard; sourceTree = "<group>"; };
		B1FF15A01A90CC30006F5B7C /* Images.xcassets */ = {isa = PBXFileReference; lastKnownFileType = folder.assetcatalog; path = Images.xcassets; sourceTree = "<group>"; };
		B1FF15A31A90CC30006F5B7C /* Base */ = {isa = PBXFileReference; lastKnownFileType = file.xib; name = Base; path = Base.lproj/LaunchScreen.xib; sourceTree = "<group>"; };
		B1FF15A91A90CC30006F5B7C /* SwiftTwitterSampleTests.xctest */ = {isa = PBXFileReference; explicitFileType = wrapper.cfbundle; includeInIndex = 0; path = SwiftTwitterSampleTests.xctest; sourceTree = BUILT_PRODUCTS_DIR; };
		B1FF15AE1A90CC30006F5B7C /* Info.plist */ = {isa = PBXFileReference; lastKnownFileType = text.plist.xml; path = Info.plist; sourceTree = "<group>"; };
		B1FF15AF1A90CC30006F5B7C /* SwiftTwitterSampleTests.swift */ = {isa = PBXFileReference; lastKnownFileType = sourcecode.swift; path = SwiftTwitterSampleTests.swift; sourceTree = "<group>"; };
/* End PBXFileReference section */

/* Begin PBXFrameworksBuildPhase section */
		B1FF15911A90CC30006F5B7C /* Frameworks */ = {
			isa = PBXFrameworksBuildPhase;
			buildActionMask = 2147483647;
			files = (
			);
			runOnlyForDeploymentPostprocessing = 0;
		};
		B1FF15A61A90CC30006F5B7C /* Frameworks */ = {
			isa = PBXFrameworksBuildPhase;
			buildActionMask = 2147483647;
			files = (
			);
			runOnlyForDeploymentPostprocessing = 0;
		};
/* End PBXFrameworksBuildPhase section */

/* Begin PBXGroup section */
		B1FF158B1A90CC30006F5B7C = {
			isa = PBXGroup;
			children = (
				B1FF15961A90CC30006F5B7C /* SwiftTwitterSample */,
				B1FF15AC1A90CC30006F5B7C /* SwiftTwitterSampleTests */,
				B1FF15951A90CC30006F5B7C /* Products */,
			);
			sourceTree = "<group>";
		};
		B1FF15951A90CC30006F5B7C /* Products */ = {
			isa = PBXGroup;
			children = (
				B1FF15941A90CC30006F5B7C /* SwiftTwitterSample.app */,
				B1FF15A91A90CC30006F5B7C /* SwiftTwitterSampleTests.xctest */,
			);
			name = Products;
			sourceTree = "<group>";
		};
		B1FF15961A90CC30006F5B7C /* SwiftTwitterSample */ = {
			isa = PBXGroup;
			children = (
				B1FF15991A90CC30006F5B7C /* AppDelegate.swift */,
				B1FF159B1A90CC30006F5B7C /* TimelineViewController.swift */,
				B1FF159D1A90CC30006F5B7C /* Main.storyboard */,
				B1FF15A01A90CC30006F5B7C /* Images.xcassets */,
				B1FF15A21A90CC30006F5B7C /* LaunchScreen.xib */,
				B1FF15971A90CC30006F5B7C /* Supporting Files */,
			);
			path = SwiftTwitterSample;
			sourceTree = "<group>";
		};
		B1FF15971A90CC30006F5B7C /* Supporting Files */ = {
			isa = PBXGroup;
			children = (
				B1FF15981A90CC30006F5B7C /* Info.plist */,
			);
			name = "Supporting Files";
			sourceTree = "<group>";
		};
		B1FF15AC1A90CC30006F5B7C /* SwiftTwitterSampleTests */ = {
			isa = PBXGroup;
			children = (
				B1FF15AF1A90CC30006F5B7C /* SwiftTwitterSampleTests.swift */,
				B1FF15AD1A90CC30006F5B7C /* Supporting Files */,
			);
			path = SwiftTwitterSampleTests;
			sourceTree = "<group>";
		};
		B1FF15AD1A90CC30006F5B7C /* Supporting Files */ = {
			isa = PBXGroup;
			children = (
				B1FF15AE1A90CC30006F5B7C /* Info.plist */,
			);
			name = "Supporting Files";
			sourceTree = "<group>";
		};
/* End PBXGroup section */

/* Begin PBXNativeTarget section */
		B1FF15931A90CC30006F5B7C /* SwiftTwitterSample */ = {
			isa = PBXNativeTarget;
			buildConfigurationList = B1FF15B31A90CC30006F5B7C /* Build configuration list for PBXNativeTarget "SwiftTwitterSample" */;
			buildPhases = (
				B1FF15901A90CC30006F5B7C /* Sources */,
				B1FF15911A90CC30006F5B7C /* Frameworks */,
				B1FF15921A90CC30006F5B7C /* Resources */,
			);
			buildRules = (
			);
			dependencies = (
			);
			name = SwiftTwitterSample;
			productName = SwiftTwitterSample;
			productReference = B1FF15941A90CC30006F5B7C /* SwiftTwitterSample.app */;
			productType = "com.apple.product-type.application";
		};
		B1FF15A81A90CC30006F5B7C /* SwiftTwitterSampleTests */ = {
			isa = PBXNativeTarget;
			buildConfigurationList = B1FF15B61A90CC30006F5B7C /* Build configuration list for PBXNativeTarget "SwiftTwitterSampleTests" */;
			buildPhases = (
				B1FF15A51A90CC30006F5B7C /* Sources */,
				B1FF15A61A90CC30006F5B7C /* Frameworks */,
				B1FF15A71A90CC30006F5B7C /* Resources */,
			);
			buildRules = (
			);
			dependencies = (
				B1FF15AB1A90CC30006F5B7C /* PBXTargetDependency */,
			);
			name = SwiftTwitterSampleTests;
			productName = SwiftTwitterSampleTests;
			productReference = B1FF15A91A90CC30006F5B7C /* SwiftTwitterSampleTests.xctest */;
			productType = "com.apple.product-type.bundle.unit-test";
		};
/* End PBXNativeTarget section */

/* Begin PBXProject section */
		B1FF158C1A90CC30006F5B7C /* Project object */ = {
			isa = PBXProject;
			attributes = {
				LastUpgradeCheck = 0610;
				ORGANIZATIONNAME = ucuc;
				TargetAttributes = {
					B1FF15931A90CC30006F5B7C = {
						CreatedOnToolsVersion = 6.1.1;
					};
					B1FF15A81A90CC30006F5B7C = {
						CreatedOnToolsVersion = 6.1.1;
						TestTargetID = B1FF15931A90CC30006F5B7C;
					};
				};
			};
			buildConfigurationList = B1FF158F1A90CC30006F5B7C /* Build configuration list for PBXProject "SwiftTwitterSample" */;
			compatibilityVersion = "Xcode 3.2";
			developmentRegion = English;
			hasScannedForEncodings = 0;
			knownRegions = (
				en,
				Base,
			);
			mainGroup = B1FF158B1A90CC30006F5B7C;
			productRefGroup = B1FF15951A90CC30006F5B7C /* Products */;
			projectDirPath = "";
			projectRoot = "";
			targets = (
				B1FF15931A90CC30006F5B7C /* SwiftTwitterSample */,
				B1FF15A81A90CC30006F5B7C /* SwiftTwitterSampleTests */,
			);
		};
/* End PBXProject section */

/* Begin PBXResourcesBuildPhase section */
		B1FF15921A90CC30006F5B7C /* Resources */ = {
			isa = PBXResourcesBuildPhase;
			buildActionMask = 2147483647;
			files = (
				B1FF159F1A90CC30006F5B7C /* Main.storyboard in Resources */,
				B1FF15A41A90CC30006F5B7C /* LaunchScreen.xib in Resources */,
				B1FF15A11A90CC30006F5B7C /* Images.xcassets in Resources */,
			);
			runOnlyForDeploymentPostprocessing = 0;
		};
		B1FF15A71A90CC30006F5B7C /* Resources */ = {
			isa = PBXResourcesBuildPhase;
			buildActionMask = 2147483647;
			files = (
			);
			runOnlyForDeploymentPostprocessing = 0;
		};
/* End PBXResourcesBuildPhase section */

/* Begin PBXSourcesBuildPhase section */
		B1FF15901A90CC30006F5B7C /* Sources */ = {
			isa = PBXSourcesBuildPhase;
			buildActionMask = 2147483647;
			files = (
				B1FF159C1A90CC30006F5B7C /* TimelineViewController.swift in Sources */,
				B1FF159A1A90CC30006F5B7C /* AppDelegate.swift in Sources */,
			);
			runOnlyForDeploymentPostprocessing = 0;
		};
		B1FF15A51A90CC30006F5B7C /* Sources */ = {
			isa = PBXSourcesBuildPhase;
			buildActionMask = 2147483647;
			files = (
				B1FF15B01A90CC30006F5B7C /* SwiftTwitterSampleTests.swift in Sources */,
			);
			runOnlyForDeploymentPostprocessing = 0;
		};
/* End PBXSourcesBuildPhase section */

/* Begin PBXTargetDependency section */
		B1FF15AB1A90CC30006F5B7C /* PBXTargetDependency */ = {
			isa = PBXTargetDependency;
			target = B1FF15931A90CC30006F5B7C /* SwiftTwitterSample */;
			targetProxy = B1FF15AA1A90CC30006F5B7C /* PBXContainerItemProxy */;
		};
/* End PBXTargetDependency section */

/* Begin PBXVariantGroup section */
		B1FF159D1A90CC30006F5B7C /* Main.storyboard */ = {
			isa = PBXVariantGroup;
			children = (
				B1FF159E1A90CC30006F5B7C /* Base */,
			);
			name = Main.storyboard;
			sourceTree = "<group>";
		};
		B1FF15A21A90CC30006F5B7C /* LaunchScreen.xib */ = {
			isa = PBXVariantGroup;
			children = (
				B1FF15A31A90CC30006F5B7C /* Base */,
			);
			name = LaunchScreen.xib;
			sourceTree = "<group>";
		};
/* End PBXVariantGroup section */

/* Begin XCBuildConfiguration section */
		B1FF15B11A90CC30006F5B7C /* Debug */ = {
			isa = XCBuildConfiguration;
			buildSettings = {
				ALWAYS_SEARCH_USER_PATHS = NO;
				CLANG_CXX_LANGUAGE_STANDARD = "gnu++0x";
				CLANG_CXX_LIBRARY = "libc++";
				CLANG_ENABLE_MODULES = YES;
				CLANG_ENABLE_OBJC_ARC = YES;
				CLANG_WARN_BOOL_CONVERSION = YES;
				CLANG_WARN_CONSTANT_CONVERSION = YES;
				CLANG_WARN_DIRECT_OBJC_ISA_USAGE = YES_ERROR;
				CLANG_WARN_EMPTY_BODY = YES;
				CLANG_WARN_ENUM_CONVERSION = YES;
				CLANG_WARN_INT_CONVERSION = YES;
				CLANG_WARN_OBJC_ROOT_CLASS = YES_ERROR;
				CLANG_WARN_UNREACHABLE_CODE = YES;
				CLANG_WARN__DUPLICATE_METHOD_MATCH = YES;
				"CODE_SIGN_IDENTITY[sdk=iphoneos*]" = "iPhone Developer";
				COPY_PHASE_STRIP = NO;
				ENABLE_STRICT_OBJC_MSGSEND = YES;
				GCC_C_LANGUAGE_STANDARD = gnu99;
				GCC_DYNAMIC_NO_PIC = NO;
				GCC_OPTIMIZATION_LEVEL = 0;
				GCC_PREPROCESSOR_DEFINITIONS = (
					"DEBUG=1",
					"$(inherited)",
				);
				GCC_SYMBOLS_PRIVATE_EXTERN = NO;
				GCC_WARN_64_TO_32_BIT_CONVERSION = YES;
				GCC_WARN_ABOUT_RETURN_TYPE = YES_ERROR;
				GCC_WARN_UNDECLARED_SELECTOR = YES;
				GCC_WARN_UNINITIALIZED_AUTOS = YES_AGGRESSIVE;
				GCC_WARN_UNUSED_FUNCTION = YES;
				GCC_WARN_UNUSED_VARIABLE = YES;
				IPHONEOS_DEPLOYMENT_TARGET = 8.1;
				MTL_ENABLE_DEBUG_INFO = YES;
				ONLY_ACTIVE_ARCH = YES;
				SDKROOT = iphoneos;
				SWIFT_OPTIMIZATION_LEVEL = "-Onone";
			};
			name = Debug;
		};
		B1FF15B21A90CC30006F5B7C /* Release */ = {
			isa = XCBuildConfiguration;
			buildSettings = {
				ALWAYS_SEARCH_USER_PATHS = NO;
				CLANG_CXX_LANGUAGE_STANDARD = "gnu++0x";
				CLANG_CXX_LIBRARY = "libc++";
				CLANG_ENABLE_MODULES = YES;
				CLANG_ENABLE_OBJC_ARC = YES;
				CLANG_WARN_BOOL_CONVERSION = YES;
				CLANG_WARN_CONSTANT_CONVERSION = YES;
				CLANG_WARN_DIRECT_OBJC_ISA_USAGE = YES_ERROR;
				CLANG_WARN_EMPTY_BODY = YES;
				CLANG_WARN_ENUM_CONVERSION = YES;
				CLANG_WARN_INT_CONVERSION = YES;
				CLANG_WARN_OBJC_ROOT_CLASS = YES_ERROR;
				CLANG_WARN_UNREACHABLE_CODE = YES;
				CLANG_WARN__DUPLICATE_METHOD_MATCH = YES;
				"CODE_SIGN_IDENTITY[sdk=iphoneos*]" = "iPhone Developer";
				COPY_PHASE_STRIP = YES;
				ENABLE_NS_ASSERTIONS = NO;
				ENABLE_STRICT_OBJC_MSGSEND = YES;
				GCC_C_LANGUAGE_STANDARD = gnu99;
				GCC_WARN_64_TO_32_BIT_CONVERSION = YES;
				GCC_WARN_ABOUT_RETURN_TYPE = YES_ERROR;
				GCC_WARN_UNDECLARED_SELECTOR = YES;
				GCC_WARN_UNINITIALIZED_AUTOS = YES_AGGRESSIVE;
				GCC_WARN_UNUSED_FUNCTION = YES;
				GCC_WARN_UNUSED_VARIABLE = YES;
				IPHONEOS_DEPLOYMENT_TARGET = 8.1;
				MTL_ENABLE_DEBUG_INFO = NO;
				SDKROOT = iphoneos;
				VALIDATE_PRODUCT = YES;
			};
			name = Release;
		};
		B1FF15B41A90CC30006F5B7C /* Debug */ = {
			isa = XCBuildConfiguration;
			buildSettings = {
				ASSETCATALOG_COMPILER_APPICON_NAME = AppIcon;
				INFOPLIST_FILE = SwiftTwitterSample/Info.plist;
				LD_RUNPATH_SEARCH_PATHS = "$(inherited) @executable_path/Frameworks";
				PRODUCT_NAME = "$(TARGET_NAME)";
			};
			name = Debug;
		};
		B1FF15B51A90CC30006F5B7C /* Release */ = {
			isa = XCBuildConfiguration;
			buildSettings = {
				ASSETCATALOG_COMPILER_APPICON_NAME = AppIcon;
				INFOPLIST_FILE = SwiftTwitterSample/Info.plist;
				LD_RUNPATH_SEARCH_PATHS = "$(inherited) @executable_path/Frameworks";
				PRODUCT_NAME = "$(TARGET_NAME)";
			};
			name = Release;
		};
		B1FF15B71A90CC30006F5B7C /* Debug */ = {
			isa = XCBuildConfiguration;
			buildSettings = {
				BUNDLE_LOADER = "$(TEST_HOST)";
				FRAMEWORK_SEARCH_PATHS = (
					"$(SDKROOT)/Developer/Library/Frameworks",
					"$(inherited)",
				);
				GCC_PREPROCESSOR_DEFINITIONS = (
					"DEBUG=1",
					"$(inherited)",
				);
				INFOPLIST_FILE = SwiftTwitterSampleTests/Info.plist;
				LD_RUNPATH_SEARCH_PATHS = "$(inherited) @executable_path/Frameworks @loader_path/Frameworks";
				PRODUCT_NAME = "$(TARGET_NAME)";
				TEST_HOST = "$(BUILT_PRODUCTS_DIR)/SwiftTwitterSample.app/SwiftTwitterSample";
			};
			name = Debug;
		};
		B1FF15B81A90CC30006F5B7C /* Release */ = {
			isa = XCBuildConfiguration;
			buildSettings = {
				BUNDLE_LOADER = "$(TEST_HOST)";
				FRAMEWORK_SEARCH_PATHS = (
					"$(SDKROOT)/Developer/Library/Frameworks",
					"$(inherited)",
				);
				INFOPLIST_FILE = SwiftTwitterSampleTests/Info.plist;
				LD_RUNPATH_SEARCH_PATHS = "$(inherited) @executable_path/Frameworks @loader_path/Frameworks";
				PRODUCT_NAME = "$(TARGET_NAME)";
				TEST_HOST = "$(BUILT_PRODUCTS_DIR)/SwiftTwitterSample.app/SwiftTwitterSample";
			};
			name = Release;
		};
/* End XCBuildConfiguration section */

/* Begin XCConfigurationList section */
		B1FF158F1A90CC30006F5B7C /* Build configuration list for PBXProject "SwiftTwitterSample" */ = {
			isa = XCConfigurationList;
			buildConfigurations = (
				B1FF15B11A90CC30006F5B7C /* Debug */,
				B1FF15B21A90CC30006F5B7C /* Release */,
			);
			defaultConfigurationIsVisible = 0;
			defaultConfigurationName = Release;
		};
		B1FF15B31A90CC30006F5B7C /* Build configuration list for PBXNativeTarget "SwiftTwitterSample" */ = {
			isa = XCConfigurationList;
			buildConfigurations = (
				B1FF15B41A90CC30006F5B7C /* Debug */,
				B1FF15B51A90CC30006F5B7C /* Release */,
			);
			defaultConfigurationIsVisible = 0;
			defaultConfigurationName = Release;
		};
		B1FF15B61A90CC30006F5B7C /* Build configuration list for PBXNativeTarget "SwiftTwitterSampleTests" */ = {
			isa = XCConfigurationList;
			buildConfigurations = (
				B1FF15B71A90CC30006F5B7C /* Debug */,
				B1FF15B81A90CC30006F5B7C /* Release */,
			);
			defaultConfigurationIsVisible = 0;
			defaultConfigurationName = Release;
		};
/* End XCConfigurationList section */
	};
	rootObject = B1FF158C1A90CC30006F5B7C /* Project object */;
}
